
Microsoft Visual Studio Solution File, Format Version 12.00
# Visual Studio 14
VisualStudioVersion = 14.0.25123.0
MinimumVisualStudioVersion = 10.0.40219.1
Project("{8E03793E-CD80-4CEB-A0C1-9144D8893495}") = "Sitecore.Support.95158", "Sitecore.Support.95158\Sitecore.Support.95158.csproj", "{CA625801-152A-493C-AC20-17C38E195850}"
EndProject
Global
	GlobalSection(SolutionConfigurationPlatforms) = preSolution
		Debug|Any CPU = Debug|Any CPU
		Release|Any CPU = Release|Any CPU
	EndGlobalSection
	GlobalSection(ProjectConfigurationPlatforms) = postSolution
		{CA625801-152A-493C-AC20-17C38E195850}.Debug|Any CPU.ActiveCfg = Debug|Any CPU
		{CA625801-152A-493C-AC20-17C38E195850}.Debug|Any CPU.Build.0 = Debug|Any CPU
		{CA625801-152A-493C-AC20-17C38E195850}.Release|Any CPU.ActiveCfg = Release|Any CPU
		{CA625801-152A-493C-AC20-17C38E195850}.Release|Any CPU.Build.0 = Release|Any CPU
	EndGlobalSection
	GlobalSection(SolutionProperties) = preSolution
		HideSolutionNode = FALSE
	EndGlobalSection
EndGlobal
